
Microsoft Visual Studio Solution File, Format Version 11.00
# Visual Studio 2010
Project("{FAE04EC0-301F-11D3-BF4B-00C04F79EFBC}") = "VR_History_Museum", "Assembly-CSharp.csproj", "{9C2123C0-C65A-77AB-9864-3DBB3847BE7F}"
EndProject
Project("{FAE04EC0-301F-11D3-BF4B-00C04F79EFBC}") = "VR_History_Museum", "Assembly-CSharp-Editor.csproj", "{C2E1A471-24CA-1204-EFCD-8919245B8642}"
EndProject
Global
	GlobalSection(SolutionConfigurationPlatforms) = preSolution
		Debug|Any CPU = Debug|Any CPU
		Release|Any CPU = Release|Any CPU
	EndGlobalSection
	GlobalSection(ProjectConfigurationPlatforms) = postSolution
		{9C2123C0-C65A-77AB-9864-3DBB3847BE7F}.Debug|Any CPU.ActiveCfg = Debug|Any CPU
		{9C2123C0-C65A-77AB-9864-3DBB3847BE7F}.Debug|Any CPU.Build.0 = Debug|Any CPU
		{9C2123C0-C65A-77AB-9864-3DBB3847BE7F}.Release|Any CPU.ActiveCfg = Release|Any CPU
		{9C2123C0-C65A-77AB-9864-3DBB3847BE7F}.Release|Any CPU.Build.0 = Release|Any CPU
		{C2E1A471-24CA-1204-EFCD-8919245B8642}.Debug|Any CPU.ActiveCfg = Debug|Any CPU
		{C2E1A471-24CA-1204-EFCD-8919245B8642}.Debug|Any CPU.Build.0 = Debug|Any CPU
		{C2E1A471-24CA-1204-EFCD-8919245B8642}.Release|Any CPU.ActiveCfg = Release|Any CPU
		{C2E1A471-24CA-1204-EFCD-8919245B8642}.Release|Any CPU.Build.0 = Release|Any CPU
	EndGlobalSection
	GlobalSection(SolutionProperties) = preSolution
		HideSolutionNode = FALSE
	EndGlobalSection
	GlobalSection(MonoDevelopProperties) = preSolution
		StartupItem = Assembly-CSharp.csproj
	EndGlobalSection
EndGlobal
